{
  "name": "bill-of-exchange.github.io",
  "version": "0.1.0",
  "lockfileVersion": 3,
  "requires": true,
  "packages": {
    "": {
      "name": "bill-of-exchange.github.io",
      "version": "0.1.0",
      "license": "ISC",
      "workspaces": [
        "smart-contracts",
        "website"
      ]
    },
    "node_modules/smart-contracts": {
      "resolved": "smart-contracts",
      "link": true
    },
    "node_modules/website": {
      "resolved": "website",
      "link": true
    },
    "smart-contracts": {
      "version": "0.1.0",
      "license": "ISC"
    },
    "website": {
      "version": "0.1.0",
      "license": "ISC",
      "devDependencies": {}
    }
  }
}
